
Microsoft Visual Studio Solution File, Format Version 12.00
# Visual Studio 15
VisualStudioVersion = 15.0.26124.0
MinimumVisualStudioVersion = 15.0.26124.0
Project("{FAE04EC0-301F-11D3-BF4B-00C04F79EFBC}") = "weather.client", "weather.client\weather.client.csproj", "{F7ADB13E-C393-4FBD-A032-D3389D3A00AD}"
EndProject
Project("{FAE04EC0-301F-11D3-BF4B-00C04F79EFBC}") = "weather.api", "weather.api\weather.api.csproj", "{53B573AA-2B3E-4DDA-B01A-2D6AF5459270}"
EndProject
Project("{FAE04EC0-301F-11D3-BF4B-00C04F79EFBC}") = "weather.proxy", "weather.proxy\weather.proxy.csproj", "{46B4220D-3000-438C-8F99-7C99D0414620}"
EndProject
Global
	GlobalSection(SolutionConfigurationPlatforms) = preSolution
		Debug|Any CPU = Debug|Any CPU
		Debug|x64 = Debug|x64
		Debug|x86 = Debug|x86
		Release|Any CPU = Release|Any CPU
		Release|x64 = Release|x64
		Release|x86 = Release|x86
	EndGlobalSection
	GlobalSection(SolutionProperties) = preSolution
		HideSolutionNode = FALSE
	EndGlobalSection
	GlobalSection(ProjectConfigurationPlatforms) = postSolution
		{F7ADB13E-C393-4FBD-A032-D3389D3A00AD}.Debug|Any CPU.ActiveCfg = Debug|Any CPU
		{F7ADB13E-C393-4FBD-A032-D3389D3A00AD}.Debug|Any CPU.Build.0 = Debug|Any CPU
		{F7ADB13E-C393-4FBD-A032-D3389D3A00AD}.Debug|x64.ActiveCfg = Debug|Any CPU
		{F7ADB13E-C393-4FBD-A032-D3389D3A00AD}.Debug|x64.Build.0 = Debug|Any CPU
		{F7ADB13E-C393-4FBD-A032-D3389D3A00AD}.Debug|x86.ActiveCfg = Debug|Any CPU
		{F7ADB13E-C393-4FBD-A032-D3389D3A00AD}.Debug|x86.Build.0 = Debug|Any CPU
		{F7ADB13E-C393-4FBD-A032-D3389D3A00AD}.Release|Any CPU.ActiveCfg = Release|Any CPU
		{F7ADB13E-C393-4FBD-A032-D3389D3A00AD}.Release|Any CPU.Build.0 = Release|Any CPU
		{F7ADB13E-C393-4FBD-A032-D3389D3A00AD}.Release|x64.ActiveCfg = Release|Any CPU
		{F7ADB13E-C393-4FBD-A032-D3389D3A00AD}.Release|x64.Build.0 = Release|Any CPU
		{F7ADB13E-C393-4FBD-A032-D3389D3A00AD}.Release|x86.ActiveCfg = Release|Any CPU
		{F7ADB13E-C393-4FBD-A032-D3389D3A00AD}.Release|x86.Build.0 = Release|Any CPU
		{53B573AA-2B3E-4DDA-B01A-2D6AF5459270}.Debug|Any CPU.ActiveCfg = Debug|Any CPU
		{53B573AA-2B3E-4DDA-B01A-2D6AF5459270}.Debug|Any CPU.Build.0 = Debug|Any CPU
		{53B573AA-2B3E-4DDA-B01A-2D6AF5459270}.Debug|x64.ActiveCfg = Debug|Any CPU
		{53B573AA-2B3E-4DDA-B01A-2D6AF5459270}.Debug|x64.Build.0 = Debug|Any CPU
		{53B573AA-2B3E-4DDA-B01A-2D6AF5459270}.Debug|x86.ActiveCfg = Debug|Any CPU
		{53B573AA-2B3E-4DDA-B01A-2D6AF5459270}.Debug|x86.Build.0 = Debug|Any CPU
		{53B573AA-2B3E-4DDA-B01A-2D6AF5459270}.Release|Any CPU.ActiveCfg = Release|Any CPU
		{53B573AA-2B3E-4DDA-B01A-2D6AF5459270}.Release|Any CPU.Build.0 = Release|Any CPU
		{53B573AA-2B3E-4DDA-B01A-2D6AF5459270}.Release|x64.ActiveCfg = Release|Any CPU
		{53B573AA-2B3E-4DDA-B01A-2D6AF5459270}.Release|x64.Build.0 = Release|Any CPU
		{53B573AA-2B3E-4DDA-B01A-2D6AF5459270}.Release|x86.ActiveCfg = Release|Any CPU
		{53B573AA-2B3E-4DDA-B01A-2D6AF5459270}.Release|x86.Build.0 = Release|Any CPU
		{46B4220D-3000-438C-8F99-7C99D0414620}.Debug|Any CPU.ActiveCfg = Debug|Any CPU
		{46B4220D-3000-438C-8F99-7C99D0414620}.Debug|Any CPU.Build.0 = Debug|Any CPU
		{46B4220D-3000-438C-8F99-7C99D0414620}.Debug|x64.ActiveCfg = Debug|Any CPU
		{46B4220D-3000-438C-8F99-7C99D0414620}.Debug|x64.Build.0 = Debug|Any CPU
		{46B4220D-3000-438C-8F99-7C99D0414620}.Debug|x86.ActiveCfg = Debug|Any CPU
		{46B4220D-3000-438C-8F99-7C99D0414620}.Debug|x86.Build.0 = Debug|Any CPU
		{46B4220D-3000-438C-8F99-7C99D0414620}.Release|Any CPU.ActiveCfg = Release|Any CPU
		{46B4220D-3000-438C-8F99-7C99D0414620}.Release|Any CPU.Build.0 = Release|Any CPU
		{46B4220D-3000-438C-8F99-7C99D0414620}.Release|x64.ActiveCfg = Release|Any CPU
		{46B4220D-3000-438C-8F99-7C99D0414620}.Release|x64.Build.0 = Release|Any CPU
		{46B4220D-3000-438C-8F99-7C99D0414620}.Release|x86.ActiveCfg = Release|Any CPU
		{46B4220D-3000-438C-8F99-7C99D0414620}.Release|x86.Build.0 = Release|Any CPU
	EndGlobalSection
EndGlobal
